
Microsoft Visual Studio Solution File, Format Version 12.00
# Visual Studio 14
VisualStudioVersion = 14.0.23107.0
MinimumVisualStudioVersion = 10.0.40219.1
Project("{FAE04EC0-301F-11D3-BF4B-00C04F79EFBC}") = "ImmutabilitySample", "ImmutabilitySample.csproj", "{AC93DB8E-017B-4BA4-9BDF-1CC589A5BECF}"
EndProject
Global
	GlobalSection(SolutionConfigurationPlatforms) = preSolution
		Debug|Any CPU = Debug|Any CPU
		Release|Any CPU = Release|Any CPU
	EndGlobalSection
	GlobalSection(ProjectConfigurationPlatforms) = postSolution
		{AC93DB8E-017B-4BA4-9BDF-1CC589A5BECF}.Debug|Any CPU.ActiveCfg = Debug|Any CPU
		{AC93DB8E-017B-4BA4-9BDF-1CC589A5BECF}.Debug|Any CPU.Build.0 = Debug|Any CPU
		{AC93DB8E-017B-4BA4-9BDF-1CC589A5BECF}.Release|Any CPU.ActiveCfg = Release|Any CPU
		{AC93DB8E-017B-4BA4-9BDF-1CC589A5BECF}.Release|Any CPU.Build.0 = Release|Any CPU
	EndGlobalSection
	GlobalSection(SolutionProperties) = preSolution
		HideSolutionNode = FALSE
	EndGlobalSection
EndGlobal
